
Microsoft Visual Studio Solution File, Format Version 12.00
# Visual Studio Version 16
VisualStudioVersion = 16.0.30104.148
MinimumVisualStudioVersion = 10.0.40219.1
Project("{FAE04EC0-301F-11D3-BF4B-00C04F79EFBC}") = "RoleSync", "RoleSync\RoleSync.csproj", "{A80628E2-1D01-4683-B89A-BD32BC783B1C}"
EndProject
Project("{9092AA53-FB77-4645-B42D-1CCCA6BD08BD}") = "RoleSyncBot", "RoleSyncBot\RoleSyncBot.njsproj", "{26FDEED1-113B-4492-A67E-960FCD30A54D}"
EndProject
Global
	GlobalSection(SolutionConfigurationPlatforms) = preSolution
		Debug|Any CPU = Debug|Any CPU
		Release|Any CPU = Release|Any CPU
	EndGlobalSection
	GlobalSection(ProjectConfigurationPlatforms) = postSolution
		{A80628E2-1D01-4683-B89A-BD32BC783B1C}.Debug|Any CPU.ActiveCfg = Debug|Any CPU
		{A80628E2-1D01-4683-B89A-BD32BC783B1C}.Debug|Any CPU.Build.0 = Debug|Any CPU
		{A80628E2-1D01-4683-B89A-BD32BC783B1C}.Release|Any CPU.ActiveCfg = Release|Any CPU
		{A80628E2-1D01-4683-B89A-BD32BC783B1C}.Release|Any CPU.Build.0 = Release|Any CPU
		{26FDEED1-113B-4492-A67E-960FCD30A54D}.Debug|Any CPU.ActiveCfg = Debug|Any CPU
		{26FDEED1-113B-4492-A67E-960FCD30A54D}.Debug|Any CPU.Build.0 = Debug|Any CPU
		{26FDEED1-113B-4492-A67E-960FCD30A54D}.Release|Any CPU.ActiveCfg = Release|Any CPU
		{26FDEED1-113B-4492-A67E-960FCD30A54D}.Release|Any CPU.Build.0 = Release|Any CPU
	EndGlobalSection
	GlobalSection(SolutionProperties) = preSolution
		HideSolutionNode = FALSE
	EndGlobalSection
	GlobalSection(ExtensibilityGlobals) = postSolution
		SolutionGuid = {C8B22033-9DEA-47C2-AFCE-34AB8AE7EF50}
	EndGlobalSection
EndGlobal
